
Microsoft Visual Studio Solution File, Format Version 12.00
# Visual Studio Version 16
VisualStudioVersion = 16.0.31409.214
MinimumVisualStudioVersion = 10.0.40219.1
Project("{FAE04EC0-301F-11D3-BF4B-00C04F79EFBC}") = "AzureDevOpscicddemo", "AzureDevOpscicddemo.csproj", "{B7361647-0935-4C3D-83F4-868C72E77447}"
EndProject
Global
	GlobalSection(SolutionConfigurationPlatforms) = preSolution
		Debug|Any CPU = Debug|Any CPU
		Release|Any CPU = Release|Any CPU
	EndGlobalSection
	GlobalSection(ProjectConfigurationPlatforms) = postSolution
		{B7361647-0935-4C3D-83F4-868C72E77447}.Debug|Any CPU.ActiveCfg = Debug|Any CPU
		{B7361647-0935-4C3D-83F4-868C72E77447}.Debug|Any CPU.Build.0 = Debug|Any CPU
		{B7361647-0935-4C3D-83F4-868C72E77447}.Release|Any CPU.ActiveCfg = Release|Any CPU
		{B7361647-0935-4C3D-83F4-868C72E77447}.Release|Any CPU.Build.0 = Release|Any CPU
	EndGlobalSection
	GlobalSection(SolutionProperties) = preSolution
		HideSolutionNode = FALSE
	EndGlobalSection
	GlobalSection(ExtensibilityGlobals) = postSolution
		SolutionGuid = {978A7546-0CA4-4A70-A7E4-51ABE43CD4F1}
	EndGlobalSection
EndGlobal
